
Microsoft Visual Studio Solution File, Format Version 12.00
# Visual Studio 14
VisualStudioVersion = 14.0.24720.0
MinimumVisualStudioVersion = 10.0.40219.1
Project("{FAE04EC0-301F-11D3-BF4B-00C04F79EFBC}") = "CodeTestReverseWord", "CodeTestReverseWord\CodeTestReverseWord.csproj", "{A6F3F8EF-C0B9-48B0-AA5C-F9BAE8D0281C}"
EndProject
Project("{2150E333-8FDC-42A3-9474-1A3956D46DE8}") = "Solution Items", "Solution Items", "{5F126BFD-12BB-45A1-828E-32CEDC21EE4A}"
	ProjectSection(SolutionItems) = preProject
		CodeTestReverseWord.js = CodeTestReverseWord.js
	EndProjectSection
EndProject
Global
	GlobalSection(SolutionConfigurationPlatforms) = preSolution
		Debug|Any CPU = Debug|Any CPU
		Release|Any CPU = Release|Any CPU
	EndGlobalSection
	GlobalSection(ProjectConfigurationPlatforms) = postSolution
		{A6F3F8EF-C0B9-48B0-AA5C-F9BAE8D0281C}.Debug|Any CPU.ActiveCfg = Debug|Any CPU
		{A6F3F8EF-C0B9-48B0-AA5C-F9BAE8D0281C}.Debug|Any CPU.Build.0 = Debug|Any CPU
		{A6F3F8EF-C0B9-48B0-AA5C-F9BAE8D0281C}.Release|Any CPU.ActiveCfg = Release|Any CPU
		{A6F3F8EF-C0B9-48B0-AA5C-F9BAE8D0281C}.Release|Any CPU.Build.0 = Release|Any CPU
	EndGlobalSection
	GlobalSection(SolutionProperties) = preSolution
		HideSolutionNode = FALSE
	EndGlobalSection
EndGlobal
